
Microsoft Visual Studio Solution File, Format Version 11.00
# Visual Studio 2010
Project("{F184B08F-C81C-45F6-A57F-5ABD9991F28F}") = "School Management System", "School Management System\School Management System.vbproj", "{03D3C3C9-D8B8-495A-BFCC-F08CF5B1CA3A}"
EndProject
Global
	GlobalSection(SolutionConfigurationPlatforms) = preSolution
		Debug|x86 = Debug|x86
		Release|x86 = Release|x86
	EndGlobalSection
	GlobalSection(ProjectConfigurationPlatforms) = postSolution
		{03D3C3C9-D8B8-495A-BFCC-F08CF5B1CA3A}.Debug|x86.ActiveCfg = Debug|x86
		{03D3C3C9-D8B8-495A-BFCC-F08CF5B1CA3A}.Debug|x86.Build.0 = Debug|x86
		{03D3C3C9-D8B8-495A-BFCC-F08CF5B1CA3A}.Release|x86.ActiveCfg = Release|x86
		{03D3C3C9-D8B8-495A-BFCC-F08CF5B1CA3A}.Release|x86.Build.0 = Release|x86
	EndGlobalSection
	GlobalSection(SolutionProperties) = preSolution
		HideSolutionNode = FALSE
	EndGlobalSection
EndGlobal
