
Microsoft Visual Studio Solution File, Format Version 12.00
# Visual Studio Version 17
VisualStudioVersion = 17.14.36429.23 d17.14
MinimumVisualStudioVersion = 10.0.40219.1
Project("{F184B08F-C81C-45F6-A57F-5ABD9991F28F}") = "Enrollment Management System", "Enrollment Management System\Enrollment Management System.vbproj", "{51A4D66F-E35E-49C5-B881-90DE74025E72}"
EndProject
Global
	GlobalSection(SolutionConfigurationPlatforms) = preSolution
		Debug|Any CPU = Debug|Any CPU
		Release|Any CPU = Release|Any CPU
	EndGlobalSection
	GlobalSection(ProjectConfigurationPlatforms) = postSolution
		{51A4D66F-E35E-49C5-B881-90DE74025E72}.Debug|Any CPU.ActiveCfg = Debug|Any CPU
		{51A4D66F-E35E-49C5-B881-90DE74025E72}.Debug|Any CPU.Build.0 = Debug|Any CPU
		{51A4D66F-E35E-49C5-B881-90DE74025E72}.Release|Any CPU.ActiveCfg = Release|Any CPU
		{51A4D66F-E35E-49C5-B881-90DE74025E72}.Release|Any CPU.Build.0 = Release|Any CPU
	EndGlobalSection
	GlobalSection(SolutionProperties) = preSolution
		HideSolutionNode = FALSE
	EndGlobalSection
	GlobalSection(ExtensibilityGlobals) = postSolution
		SolutionGuid = {6C308D91-4932-4ED4-9832-7E4C6B19AAC0}
	EndGlobalSection
EndGlobal
